
Microsoft Visual Studio Solution File, Format Version 12.00
# Visual Studio Version 16
VisualStudioVersion = 16.0.29613.14
MinimumVisualStudioVersion = 10.0.40219.1
Project("{FAE04EC0-301F-11D3-BF4B-00C04F79EFBC}") = "MVCData_assignments", "MVCData_assignments\MVCData_assignments.csproj", "{09D16634-B739-45C8-9B7B-0C81390801F0}"
EndProject
Global
	GlobalSection(SolutionConfigurationPlatforms) = preSolution
		Debug|Any CPU = Debug|Any CPU
		Release|Any CPU = Release|Any CPU
	EndGlobalSection
	GlobalSection(ProjectConfigurationPlatforms) = postSolution
		{09D16634-B739-45C8-9B7B-0C81390801F0}.Debug|Any CPU.ActiveCfg = Debug|Any CPU
		{09D16634-B739-45C8-9B7B-0C81390801F0}.Debug|Any CPU.Build.0 = Debug|Any CPU
		{09D16634-B739-45C8-9B7B-0C81390801F0}.Release|Any CPU.ActiveCfg = Release|Any CPU
		{09D16634-B739-45C8-9B7B-0C81390801F0}.Release|Any CPU.Build.0 = Release|Any CPU
	EndGlobalSection
	GlobalSection(SolutionProperties) = preSolution
		HideSolutionNode = FALSE
	EndGlobalSection
	GlobalSection(ExtensibilityGlobals) = postSolution
		SolutionGuid = {75835092-33EF-4E63-8647-83FD5A2695C9}
	EndGlobalSection
EndGlobal
